// !$*UTF8*$!
{
	archiveVersion = 1;
	classes = {
	};
	objectVersion = 56;
	objects = {

/* Begin PBXBuildFile section */
		020F474929D5E66B00A99C66 /* GoogleService-Info.plist in Resources */ = {isa = PBXBuildFile; fileRef = 020F474829D5E66B00A99C66 /* GoogleService-Info.plist */; };
		020F474C29D6254D00A99C66 /* FirebaseAuth in Frameworks */ = {isa = PBXBuildFile; productRef = 020F474B29D6254D00A99C66 /* FirebaseAuth */; };
		020F474E29D6254D00A99C66 /* FirebaseDatabase in Frameworks */ = {isa = PBXBuildFile; productRef = 020F474D29D6254D00A99C66 /* FirebaseDatabase */; };
		020F475029D6254D00A99C66 /* FirebaseFirestore in Frameworks */ = {isa = PBXBuildFile; productRef = 020F474F29D6254D00A99C66 /* FirebaseFirestore */; };
		020F475429D625B500A99C66 /* FireDBHelper.swift in Sources */ = {isa = PBXBuildFile; fileRef = 020F475329D625B500A99C66 /* FireDBHelper.swift */; };
		020F475629D625C600A99C66 /* User.swift in Sources */ = {isa = PBXBuildFile; fileRef = 020F475529D625C600A99C66 /* User.swift */; };
		02234B4429BB461D000DDE48 /* Components.swift in Sources */ = {isa = PBXBuildFile; fileRef = 02234B4329BB461D000DDE48 /* Components.swift */; };
		02234B4629BB4EEE000DDE48 /* Login.swift in Sources */ = {isa = PBXBuildFile; fileRef = 02234B4529BB4EEE000DDE48 /* Login.swift */; };
		02234B4829BB52CB000DDE48 /* Register.swift in Sources */ = {isa = PBXBuildFile; fileRef = 02234B4729BB52CB000DDE48 /* Register.swift */; };
		02234B4A29BB530D000DDE48 /* Homepage.swift in Sources */ = {isa = PBXBuildFile; fileRef = 02234B4929BB530D000DDE48 /* Homepage.swift */; };
		02AFA15129BE9F1700E82A50 /* Saved.swift in Sources */ = {isa = PBXBuildFile; fileRef = 02AFA15029BE9F1700E82A50 /* Saved.swift */; };
		4D59641D29BEBE4A00CCA441 /* Search.swift in Sources */ = {isa = PBXBuildFile; fileRef = 4D59641C29BEBE4A00CCA441 /* Search.swift */; };
		4D59641F29BECF5800CCA441 /* ProductCompair.swift in Sources */ = {isa = PBXBuildFile; fileRef = 4D59641E29BECF5800CCA441 /* ProductCompair.swift */; };
		C50A4C5C29CC803E00269573 /* CameraView.swift in Sources */ = {isa = PBXBuildFile; fileRef = C50A4C5B29CC803E00269573 /* CameraView.swift */; };
		C549B49829E83BFC00A09BAD /* CameraModel.swift in Sources */ = {isa = PBXBuildFile; fileRef = C549B49729E83BFC00A09BAD /* CameraModel.swift */; };
		C553C8E629B8E7590014AA98 /* ShopTilYouDropApp.swift in Sources */ = {isa = PBXBuildFile; fileRef = C553C8E529B8E7590014AA98 /* ShopTilYouDropApp.swift */; };
		C553C8E829B8E7590014AA98 /* ContentView.swift in Sources */ = {isa = PBXBuildFile; fileRef = C553C8E729B8E7590014AA98 /* ContentView.swift */; };
		C553C8EA29B8E75B0014AA98 /* Assets.xcassets in Resources */ = {isa = PBXBuildFile; fileRef = C553C8E929B8E75B0014AA98 /* Assets.xcassets */; };
		C553C8ED29B8E75B0014AA98 /* Preview Assets.xcassets in Resources */ = {isa = PBXBuildFile; fileRef = C553C8EC29B8E75B0014AA98 /* Preview Assets.xcassets */; };
		C5E8089829E6150E00872242 /* Scan.swift in Sources */ = {isa = PBXBuildFile; fileRef = 02AFA15229BEA1DE00E82A50 /* Scan.swift */; };
		C5E8089B29E6156D00872242 /* LibraryPicker.swift in Sources */ = {isa = PBXBuildFile; fileRef = C5E8089A29E6156D00872242 /* LibraryPicker.swift */; };
		C5E8E5BF29BEA5500030CDA1 /* Settings.swift in Sources */ = {isa = PBXBuildFile; fileRef = C5E8E5BE29BEA5500030CDA1 /* Settings.swift */; };
/* End PBXBuildFile section */

/* Begin PBXFileReference section */
		020F474829D5E66B00A99C66 /* GoogleService-Info.plist */ = {isa = PBXFileReference; fileEncoding = 4; lastKnownFileType = text.plist.xml; path = "GoogleService-Info.plist"; sourceTree = "<group>"; };
		020F475329D625B500A99C66 /* FireDBHelper.swift */ = {isa = PBXFileReference; lastKnownFileType = sourcecode.swift; path = FireDBHelper.swift; sourceTree = "<group>"; };
		020F475529D625C600A99C66 /* User.swift */ = {isa = PBXFileReference; lastKnownFileType = sourcecode.swift; path = User.swift; sourceTree = "<group>"; };
		02234B4329BB461D000DDE48 /* Components.swift */ = {isa = PBXFileReference; lastKnownFileType = sourcecode.swift; path = Components.swift; sourceTree = "<group>"; };
		02234B4529BB4EEE000DDE48 /* Login.swift */ = {isa = PBXFileReference; lastKnownFileType = sourcecode.swift; path = Login.swift; sourceTree = "<group>"; };
		02234B4729BB52CB000DDE48 /* Register.swift */ = {isa = PBXFileReference; lastKnownFileType = sourcecode.swift; path = Register.swift; sourceTree = "<group>"; };
		02234B4929BB530D000DDE48 /* Homepage.swift */ = {isa = PBXFileReference; lastKnownFileType = sourcecode.swift; path = Homepage.swift; sourceTree = "<group>"; };
		02AFA15029BE9F1700E82A50 /* Saved.swift */ = {isa = PBXFileReference; lastKnownFileType = sourcecode.swift; path = Saved.swift; sourceTree = "<group>"; };
		02AFA15229BEA1DE00E82A50 /* Scan.swift */ = {isa = PBXFileReference; lastKnownFileType = sourcecode.swift; path = Scan.swift; sourceTree = "<group>"; };
		4D59641C29BEBE4A00CCA441 /* Search.swift */ = {isa = PBXFileReference; lastKnownFileType = sourcecode.swift; path = Search.swift; sourceTree = "<group>"; };
		4D59641E29BECF5800CCA441 /* ProductCompair.swift */ = {isa = PBXFileReference; lastKnownFileType = sourcecode.swift; path = ProductCompair.swift; sourceTree = "<group>"; };
		C50A4C5B29CC803E00269573 /* CameraView.swift */ = {isa = PBXFileReference; lastKnownFileType = sourcecode.swift; path = CameraView.swift; sourceTree = "<group>"; };
		C549B49729E83BFC00A09BAD /* CameraModel.swift */ = {isa = PBXFileReference; lastKnownFileType = sourcecode.swift; path = CameraModel.swift; sourceTree = "<group>"; };
		C553C8E229B8E7580014AA98 /* ShopTilYouDrop.app */ = {isa = PBXFileReference; explicitFileType = wrapper.application; includeInIndex = 0; path = ShopTilYouDrop.app; sourceTree = BUILT_PRODUCTS_DIR; };
		C553C8E529B8E7590014AA98 /* ShopTilYouDropApp.swift */ = {isa = PBXFileReference; lastKnownFileType = sourcecode.swift; path = ShopTilYouDropApp.swift; sourceTree = "<group>"; };
		C553C8E729B8E7590014AA98 /* ContentView.swift */ = {isa = PBXFileReference; lastKnownFileType = sourcecode.swift; path = ContentView.swift; sourceTree = "<group>"; };
		C553C8E929B8E75B0014AA98 /* Assets.xcassets */ = {isa = PBXFileReference; lastKnownFileType = folder.assetcatalog; path = Assets.xcassets; sourceTree = "<group>"; };
		C553C8EC29B8E75B0014AA98 /* Preview Assets.xcassets */ = {isa = PBXFileReference; lastKnownFileType = folder.assetcatalog; path = "Preview Assets.xcassets"; sourceTree = "<group>"; };
		C5E8089A29E6156D00872242 /* LibraryPicker.swift */ = {isa = PBXFileReference; lastKnownFileType = sourcecode.swift; path = LibraryPicker.swift; sourceTree = "<group>"; };
		C5E8E5BE29BEA5500030CDA1 /* Settings.swift */ = {isa = PBXFileReference; lastKnownFileType = sourcecode.swift; path = Settings.swift; sourceTree = "<group>"; };
/* End PBXFileReference section */

/* Begin PBXFrameworksBuildPhase section */
		C553C8DF29B8E7580014AA98 /* Frameworks */ = {
			isa = PBXFrameworksBuildPhase;
			buildActionMask = 2147483647;
			files = (
				020F474E29D6254D00A99C66 /* FirebaseDatabase in Frameworks */,
				020F474C29D6254D00A99C66 /* FirebaseAuth in Frameworks */,
				020F475029D6254D00A99C66 /* FirebaseFirestore in Frameworks */,
			);
			runOnlyForDeploymentPostprocessing = 0;
		};
/* End PBXFrameworksBuildPhase section */

/* Begin PBXGroup section */
		020F475129D6259200A99C66 /* Model */ = {
			isa = PBXGroup;
			children = (
				020F475529D625C600A99C66 /* User.swift */,
			);
			path = Model;
			sourceTree = "<group>";
		};
		020F475229D6259A00A99C66 /* Controller */ = {
			isa = PBXGroup;
			children = (
				020F475329D625B500A99C66 /* FireDBHelper.swift */,
				C5E8089A29E6156D00872242 /* LibraryPicker.swift */,
				C549B49729E83BFC00A09BAD /* CameraModel.swift */,
			);
			path = Controller;
			sourceTree = "<group>";
		};
		02234B4229BB460C000DDE48 /* Component */ = {
			isa = PBXGroup;
			children = (
				02234B4329BB461D000DDE48 /* Components.swift */,
			);
			path = Component;
			sourceTree = "<group>";
		};
		02234B4B29BB5314000DDE48 /* Views */ = {
			isa = PBXGroup;
			children = (
				02234B4529BB4EEE000DDE48 /* Login.swift */,
				02234B4729BB52CB000DDE48 /* Register.swift */,
				02234B4929BB530D000DDE48 /* Homepage.swift */,
				C5E8E5BE29BEA5500030CDA1 /* Settings.swift */,
				02AFA15029BE9F1700E82A50 /* Saved.swift */,
				02AFA15229BEA1DE00E82A50 /* Scan.swift */,
				4D59641C29BEBE4A00CCA441 /* Search.swift */,
				4D59641E29BECF5800CCA441 /* ProductCompair.swift */,
				C50A4C5B29CC803E00269573 /* CameraView.swift */,
			);
			path = Views;
			sourceTree = "<group>";
		};
		C553C8D929B8E7580014AA98 = {
			isa = PBXGroup;
			children = (
				C553C8E429B8E7580014AA98 /* ShopTilYouDrop */,
				C553C8E329B8E7580014AA98 /* Products */,
			);
			sourceTree = "<group>";
		};
		C553C8E329B8E7580014AA98 /* Products */ = {
			isa = PBXGroup;
			children = (
				C553C8E229B8E7580014AA98 /* ShopTilYouDrop.app */,
			);
			name = Products;
			sourceTree = "<group>";
		};
		C553C8E429B8E7580014AA98 /* ShopTilYouDrop */ = {
			isa = PBXGroup;
			children = (
				020F475229D6259A00A99C66 /* Controller */,
				020F475129D6259200A99C66 /* Model */,
				020F474829D5E66B00A99C66 /* GoogleService-Info.plist */,
				02234B4B29BB5314000DDE48 /* Views */,
				02234B4229BB460C000DDE48 /* Component */,
				C553C8E529B8E7590014AA98 /* ShopTilYouDropApp.swift */,
				C553C8E729B8E7590014AA98 /* ContentView.swift */,
				C553C8E929B8E75B0014AA98 /* Assets.xcassets */,
				C553C8EB29B8E75B0014AA98 /* Preview Content */,
			);
			path = ShopTilYouDrop;
			sourceTree = "<group>";
		};
		C553C8EB29B8E75B0014AA98 /* Preview Content */ = {
			isa = PBXGroup;
			children = (
				C553C8EC29B8E75B0014AA98 /* Preview Assets.xcassets */,
			);
			path = "Preview Content";
			sourceTree = "<group>";
		};
/* End PBXGroup section */

/* Begin PBXNativeTarget section */
		C553C8E129B8E7580014AA98 /* ShopTilYouDrop */ = {
			isa = PBXNativeTarget;
			buildConfigurationList = C553C8F029B8E75B0014AA98 /* Build configuration list for PBXNativeTarget "ShopTilYouDrop" */;
			buildPhases = (
				C553C8DE29B8E7580014AA98 /* Sources */,
				C553C8DF29B8E7580014AA98 /* Frameworks */,
				C553C8E029B8E7580014AA98 /* Resources */,
			);
			buildRules = (
			);
			dependencies = (
			);
			name = ShopTilYouDrop;
			packageProductDependencies = (
				020F474B29D6254D00A99C66 /* FirebaseAuth */,
				020F474D29D6254D00A99C66 /* FirebaseDatabase */,
				020F474F29D6254D00A99C66 /* FirebaseFirestore */,
			);
			productName = ShopTilYouDrop;
			productReference = C553C8E229B8E7580014AA98 /* ShopTilYouDrop.app */;
			productType = "com.apple.product-type.application";
		};
/* End PBXNativeTarget section */

/* Begin PBXProject section */
		C553C8DA29B8E7580014AA98 /* Project object */ = {
			isa = PBXProject;
			attributes = {
				BuildIndependentTargetsInParallel = 1;
				LastSwiftUpdateCheck = 1400;
				LastUpgradeCheck = 1400;
				TargetAttributes = {
					C553C8E129B8E7580014AA98 = {
						CreatedOnToolsVersion = 14.0;
					};
				};
			};
			buildConfigurationList = C553C8DD29B8E7580014AA98 /* Build configuration list for PBXProject "ShopTilYouDrop" */;
			compatibilityVersion = "Xcode 14.0";
			developmentRegion = en;
			hasScannedForEncodings = 0;
			knownRegions = (
				en,
				Base,
			);
			mainGroup = C553C8D929B8E7580014AA98;
			packageReferences = (
				020F474A29D6254D00A99C66 /* XCRemoteSwiftPackageReference "firebase-ios-sdk" */,
			);
			productRefGroup = C553C8E329B8E7580014AA98 /* Products */;
			projectDirPath = "";
			projectRoot = "";
			targets = (
				C553C8E129B8E7580014AA98 /* ShopTilYouDrop */,
			);
		};
/* End PBXProject section */

/* Begin PBXResourcesBuildPhase section */
		C553C8E029B8E7580014AA98 /* Resources */ = {
			isa = PBXResourcesBuildPhase;
			buildActionMask = 2147483647;
			files = (
				C553C8ED29B8E75B0014AA98 /* Preview Assets.xcassets in Resources */,
				C553C8EA29B8E75B0014AA98 /* Assets.xcassets in Resources */,
				020F474929D5E66B00A99C66 /* GoogleService-Info.plist in Resources */,
			);
			runOnlyForDeploymentPostprocessing = 0;
		};
/* End PBXResourcesBuildPhase section */

/* Begin PBXSourcesBuildPhase section */
		C553C8DE29B8E7580014AA98 /* Sources */ = {
			isa = PBXSourcesBuildPhase;
			buildActionMask = 2147483647;
			files = (
				C553C8E829B8E7590014AA98 /* ContentView.swift in Sources */,
				4D59641F29BECF5800CCA441 /* ProductCompair.swift in Sources */,
				02AFA15129BE9F1700E82A50 /* Saved.swift in Sources */,
				C50A4C5C29CC803E00269573 /* CameraView.swift in Sources */,
				02234B4429BB461D000DDE48 /* Components.swift in Sources */,
				C553C8E629B8E7590014AA98 /* ShopTilYouDropApp.swift in Sources */,
				C549B49829E83BFC00A09BAD /* CameraModel.swift in Sources */,
				02234B4A29BB530D000DDE48 /* Homepage.swift in Sources */,
				C5E8E5BF29BEA5500030CDA1 /* Settings.swift in Sources */,
				4D59641D29BEBE4A00CCA441 /* Search.swift in Sources */,
				02234B4629BB4EEE000DDE48 /* Login.swift in Sources */,
				C5E8089829E6150E00872242 /* Scan.swift in Sources */,
				C5E8089B29E6156D00872242 /* LibraryPicker.swift in Sources */,
				020F475429D625B500A99C66 /* FireDBHelper.swift in Sources */,
				020F475629D625C600A99C66 /* User.swift in Sources */,
				02234B4829BB52CB000DDE48 /* Register.swift in Sources */,
			);
			runOnlyForDeploymentPostprocessing = 0;
		};
/* End PBXSourcesBuildPhase section */

/* Begin XCBuildConfiguration section */
		C553C8EE29B8E75B0014AA98 /* Debug */ = {
			isa = XCBuildConfiguration;
			buildSettings = {
				ALWAYS_SEARCH_USER_PATHS = NO;
				CLANG_ANALYZER_NONNULL = YES;
				CLANG_ANALYZER_NUMBER_OBJECT_CONVERSION = YES_AGGRESSIVE;
				CLANG_CXX_LANGUAGE_STANDARD = "gnu++20";
				CLANG_ENABLE_MODULES = YES;
				CLANG_ENABLE_OBJC_ARC = YES;
				CLANG_ENABLE_OBJC_WEAK = YES;
				CLANG_WARN_BLOCK_CAPTURE_AUTORELEASING = YES;
				CLANG_WARN_BOOL_CONVERSION = YES;
				CLANG_WARN_COMMA = YES;
				CLANG_WARN_CONSTANT_CONVERSION = YES;
				CLANG_WARN_DEPRECATED_OBJC_IMPLEMENTATIONS = YES;
				CLANG_WARN_DIRECT_OBJC_ISA_USAGE = YES_ERROR;
				CLANG_WARN_DOCUMENTATION_COMMENTS = YES;
				CLANG_WARN_EMPTY_BODY = YES;
				CLANG_WARN_ENUM_CONVERSION = YES;
				CLANG_WARN_INFINITE_RECURSION = YES;
				CLANG_WARN_INT_CONVERSION = YES;
				CLANG_WARN_NON_LITERAL_NULL_CONVERSION = YES;
				CLANG_WARN_OBJC_IMPLICIT_RETAIN_SELF = YES;
				CLANG_WARN_OBJC_LITERAL_CONVERSION = YES;
				CLANG_WARN_OBJC_ROOT_CLASS = YES_ERROR;
				CLANG_WARN_QUOTED_INCLUDE_IN_FRAMEWORK_HEADER = YES;
				CLANG_WARN_RANGE_LOOP_ANALYSIS = YES;
				CLANG_WARN_STRICT_PROTOTYPES = YES;
				CLANG_WARN_SUSPICIOUS_MOVE = YES;
				CLANG_WARN_UNGUARDED_AVAILABILITY = YES_AGGRESSIVE;
				CLANG_WARN_UNREACHABLE_CODE = YES;
				CLANG_WARN__DUPLICATE_METHOD_MATCH = YES;
				COPY_PHASE_STRIP = NO;
				DEBUG_INFORMATION_FORMAT = dwarf;
				ENABLE_STRICT_OBJC_MSGSEND = YES;
				ENABLE_TESTABILITY = YES;
				GCC_C_LANGUAGE_STANDARD = gnu11;
				GCC_DYNAMIC_NO_PIC = NO;
				GCC_NO_COMMON_BLOCKS = YES;
				GCC_OPTIMIZATION_LEVEL = 0;
				GCC_PREPROCESSOR_DEFINITIONS = (
					"DEBUG=1",
					"$(inherited)",
				);
				GCC_WARN_64_TO_32_BIT_CONVERSION = YES;
				GCC_WARN_ABOUT_RETURN_TYPE = YES_ERROR;
				GCC_WARN_UNDECLARED_SELECTOR = YES;
				GCC_WARN_UNINITIALIZED_AUTOS = YES_AGGRESSIVE;
				GCC_WARN_UNUSED_FUNCTION = YES;
				GCC_WARN_UNUSED_VARIABLE = YES;
				IPHONEOS_DEPLOYMENT_TARGET = 16.0;
				MTL_ENABLE_DEBUG_INFO = INCLUDE_SOURCE;
				MTL_FAST_MATH = YES;
				ONLY_ACTIVE_ARCH = YES;
				SDKROOT = iphoneos;
				SWIFT_ACTIVE_COMPILATION_CONDITIONS = DEBUG;
				SWIFT_OPTIMIZATION_LEVEL = "-Onone";
			};
			name = Debug;
		};
		C553C8EF29B8E75B0014AA98 /* Release */ = {
			isa = XCBuildConfiguration;
			buildSettings = {
				ALWAYS_SEARCH_USER_PATHS = NO;
				CLANG_ANALYZER_NONNULL = YES;
				CLANG_ANALYZER_NUMBER_OBJECT_CONVERSION = YES_AGGRESSIVE;
				CLANG_CXX_LANGUAGE_STANDARD = "gnu++20";
				CLANG_ENABLE_MODULES = YES;
				CLANG_ENABLE_OBJC_ARC = YES;
				CLANG_ENABLE_OBJC_WEAK = YES;
				CLANG_WARN_BLOCK_CAPTURE_AUTORELEASING = YES;
				CLANG_WARN_BOOL_CONVERSION = YES;
				CLANG_WARN_COMMA = YES;
				CLANG_WARN_CONSTANT_CONVERSION = YES;
				CLANG_WARN_DEPRECATED_OBJC_IMPLEMENTATIONS = YES;
				CLANG_WARN_DIRECT_OBJC_ISA_USAGE = YES_ERROR;
				CLANG_WARN_DOCUMENTATION_COMMENTS = YES;
				CLANG_WARN_EMPTY_BODY = YES;
				CLANG_WARN_ENUM_CONVERSION = YES;
				CLANG_WARN_INFINITE_RECURSION = YES;
				CLANG_WARN_INT_CONVERSION = YES;
				CLANG_WARN_NON_LITERAL_NULL_CONVERSION = YES;
				CLANG_WARN_OBJC_IMPLICIT_RETAIN_SELF = YES;
				CLANG_WARN_OBJC_LITERAL_CONVERSION = YES;
				CLANG_WARN_OBJC_ROOT_CLASS = YES_ERROR;
				CLANG_WARN_QUOTED_INCLUDE_IN_FRAMEWORK_HEADER = YES;
				CLANG_WARN_RANGE_LOOP_ANALYSIS = YES;
				CLANG_WARN_STRICT_PROTOTYPES = YES;
				CLANG_WARN_SUSPICIOUS_MOVE = YES;
				CLANG_WARN_UNGUARDED_AVAILABILITY = YES_AGGRESSIVE;
				CLANG_WARN_UNREACHABLE_CODE = YES;
				CLANG_WARN__DUPLICATE_METHOD_MATCH = YES;
				COPY_PHASE_STRIP = NO;
				DEBUG_INFORMATION_FORMAT = "dwarf-with-dsym";
				ENABLE_NS_ASSERTIONS = NO;
				ENABLE_STRICT_OBJC_MSGSEND = YES;
				GCC_C_LANGUAGE_STANDARD = gnu11;
				GCC_NO_COMMON_BLOCKS = YES;
				GCC_WARN_64_TO_32_BIT_CONVERSION = YES;
				GCC_WARN_ABOUT_RETURN_TYPE = YES_ERROR;
				GCC_WARN_UNDECLARED_SELECTOR = YES;
				GCC_WARN_UNINITIALIZED_AUTOS = YES_AGGRESSIVE;
				GCC_WARN_UNUSED_FUNCTION = YES;
				GCC_WARN_UNUSED_VARIABLE = YES;
				IPHONEOS_DEPLOYMENT_TARGET = 16.0;
				MTL_ENABLE_DEBUG_INFO = NO;
				MTL_FAST_MATH = YES;
				SDKROOT = iphoneos;
				SWIFT_COMPILATION_MODE = wholemodule;
				SWIFT_OPTIMIZATION_LEVEL = "-O";
				VALIDATE_PRODUCT = YES;
			};
			name = Release;
		};
		C553C8F129B8E75B0014AA98 /* Debug */ = {
			isa = XCBuildConfiguration;
			buildSettings = {
				ASSETCATALOG_COMPILER_APPICON_NAME = AppIcon;
				ASSETCATALOG_COMPILER_GLOBAL_ACCENT_COLOR_NAME = AccentColor;
				CODE_SIGN_STYLE = Automatic;
				CURRENT_PROJECT_VERSION = 1;
				DEVELOPMENT_ASSET_PATHS = "\"ShopTilYouDrop/Preview Content\"";
				DEVELOPMENT_TEAM = 88PC7LK356;
				ENABLE_PREVIEWS = YES;
				GENERATE_INFOPLIST_FILE = YES;
				INFOPLIST_KEY_NSCameraUsageDescription = "Please allow to take photo";
				INFOPLIST_KEY_NSPhotoLibraryUsageDescription = "Please allow to save photos to camera roll";
				INFOPLIST_KEY_UIApplicationSceneManifest_Generation = YES;
				INFOPLIST_KEY_UIApplicationSupportsIndirectInputEvents = YES;
				INFOPLIST_KEY_UILaunchScreen_Generation = YES;
				INFOPLIST_KEY_UISupportedInterfaceOrientations_iPad = "UIInterfaceOrientationPortrait UIInterfaceOrientationPortraitUpsideDown UIInterfaceOrientationLandscapeLeft UIInterfaceOrientationLandscapeRight";
				INFOPLIST_KEY_UISupportedInterfaceOrientations_iPhone = "UIInterfaceOrientationPortrait UIInterfaceOrientationLandscapeLeft UIInterfaceOrientationLandscapeRight";
				IPHONEOS_DEPLOYMENT_TARGET = 15.6;
				LD_RUNPATH_SEARCH_PATHS = (
					"$(inherited)",
					"@executable_path/Frameworks",
				);
				MARKETING_VERSION = 1.0;
				PRODUCT_BUNDLE_IDENTIFIER = com.triNAC.ShopTilYouDrop;
				PRODUCT_NAME = "$(TARGET_NAME)";
				SWIFT_EMIT_LOC_STRINGS = YES;
				SWIFT_VERSION = 5.0;
				TARGETED_DEVICE_FAMILY = "1,2";
			};
			name = Debug;
		};
		C553C8F229B8E75B0014AA98 /* Release */ = {
			isa = XCBuildConfiguration;
			buildSettings = {
				ASSETCATALOG_COMPILER_APPICON_NAME = AppIcon;
				ASSETCATALOG_COMPILER_GLOBAL_ACCENT_COLOR_NAME = AccentColor;
				CODE_SIGN_STYLE = Automatic;
				CURRENT_PROJECT_VERSION = 1;
				DEVELOPMENT_ASSET_PATHS = "\"ShopTilYouDrop/Preview Content\"";
				DEVELOPMENT_TEAM = 88PC7LK356;
				ENABLE_PREVIEWS = YES;
				GENERATE_INFOPLIST_FILE = YES;
				INFOPLIST_KEY_NSCameraUsageDescription = "Please allow to take photo";
				INFOPLIST_KEY_NSPhotoLibraryUsageDescription = "Please allow to save photos to camera roll";
				INFOPLIST_KEY_UIApplicationSceneManifest_Generation = YES;
				INFOPLIST_KEY_UIApplicationSupportsIndirectInputEvents = YES;
				INFOPLIST_KEY_UILaunchScreen_Generation = YES;
				INFOPLIST_KEY_UISupportedInterfaceOrientations_iPad = "UIInterfaceOrientationPortrait UIInterfaceOrientationPortraitUpsideDown UIInterfaceOrientationLandscapeLeft UIInterfaceOrientationLandscapeRight";
				INFOPLIST_KEY_UISupportedInterfaceOrientations_iPhone = "UIInterfaceOrientationPortrait UIInterfaceOrientationLandscapeLeft UIInterfaceOrientationLandscapeRight";
				IPHONEOS_DEPLOYMENT_TARGET = 15.6;
				LD_RUNPATH_SEARCH_PATHS = (
					"$(inherited)",
					"@executable_path/Frameworks",
				);
				MARKETING_VERSION = 1.0;
				PRODUCT_BUNDLE_IDENTIFIER = com.triNAC.ShopTilYouDrop;
				PRODUCT_NAME = "$(TARGET_NAME)";
				SWIFT_EMIT_LOC_STRINGS = YES;
				SWIFT_VERSION = 5.0;
				TARGETED_DEVICE_FAMILY = "1,2";
			};
			name = Release;
		};
/* End XCBuildConfiguration section */

/* Begin XCConfigurationList section */
		C553C8DD29B8E7580014AA98 /* Build configuration list for PBXProject "ShopTilYouDrop" */ = {
			isa = XCConfigurationList;
			buildConfigurations = (
				C553C8EE29B8E75B0014AA98 /* Debug */,
				C553C8EF29B8E75B0014AA98 /* Release */,
			);
			defaultConfigurationIsVisible = 0;
			defaultConfigurationName = Release;
		};
		C553C8F029B8E75B0014AA98 /* Build configuration list for PBXNativeTarget "ShopTilYouDrop" */ = {
			isa = XCConfigurationList;
			buildConfigurations = (
				C553C8F129B8E75B0014AA98 /* Debug */,
				C553C8F229B8E75B0014AA98 /* Release */,
			);
			defaultConfigurationIsVisible = 0;
			defaultConfigurationName = Release;
		};
/* End XCConfigurationList section */

/* Begin XCRemoteSwiftPackageReference section */
		020F474A29D6254D00A99C66 /* XCRemoteSwiftPackageReference "firebase-ios-sdk" */ = {
			isa = XCRemoteSwiftPackageReference;
			repositoryURL = "https://github.com/firebase/firebase-ios-sdk";
			requirement = {
				branch = master;
				kind = branch;
			};
		};
/* End XCRemoteSwiftPackageReference section */

/* Begin XCSwiftPackageProductDependency section */
		020F474B29D6254D00A99C66 /* FirebaseAuth */ = {
			isa = XCSwiftPackageProductDependency;
			package = 020F474A29D6254D00A99C66 /* XCRemoteSwiftPackageReference "firebase-ios-sdk" */;
			productName = FirebaseAuth;
		};
		020F474D29D6254D00A99C66 /* FirebaseDatabase */ = {
			isa = XCSwiftPackageProductDependency;
			package = 020F474A29D6254D00A99C66 /* XCRemoteSwiftPackageReference "firebase-ios-sdk" */;
			productName = FirebaseDatabase;
		};
		020F474F29D6254D00A99C66 /* FirebaseFirestore */ = {
			isa = XCSwiftPackageProductDependency;
			package = 020F474A29D6254D00A99C66 /* XCRemoteSwiftPackageReference "firebase-ios-sdk" */;
			productName = FirebaseFirestore;
		};
/* End XCSwiftPackageProductDependency section */
	};
	rootObject = C553C8DA29B8E7580014AA98 /* Project object */;
}
